
Microsoft Visual Studio Solution File, Format Version 12.00
# Visual Studio Version 17
VisualStudioVersion = 17.14.36327.8 d17.14
MinimumVisualStudioVersion = 10.0.40219.1
Project("{FAE04EC0-301F-11D3-BF4B-00C04F79EFBC}") = "STAAT-Notification", "STAAT-Notification\STAAT-Notification.csproj", "{BAB6DAC5-1F1E-4B73-86FE-5BD5B2C03363}"
EndProject
Global
	GlobalSection(SolutionConfigurationPlatforms) = preSolution
		Debug|Any CPU = Debug|Any CPU
		Release|Any CPU = Release|Any CPU
	EndGlobalSection
	GlobalSection(ProjectConfigurationPlatforms) = postSolution
		{BAB6DAC5-1F1E-4B73-86FE-5BD5B2C03363}.Debug|Any CPU.ActiveCfg = Debug|Any CPU
		{BAB6DAC5-1F1E-4B73-86FE-5BD5B2C03363}.Debug|Any CPU.Build.0 = Debug|Any CPU
		{BAB6DAC5-1F1E-4B73-86FE-5BD5B2C03363}.Release|Any CPU.ActiveCfg = Release|Any CPU
		{BAB6DAC5-1F1E-4B73-86FE-5BD5B2C03363}.Release|Any CPU.Build.0 = Release|Any CPU
	EndGlobalSection
	GlobalSection(SolutionProperties) = preSolution
		HideSolutionNode = FALSE
	EndGlobalSection
	GlobalSection(ExtensibilityGlobals) = postSolution
		SolutionGuid = {082DF92B-FA08-4838-ADCC-5781AF9B9072}
	EndGlobalSection
EndGlobal
